# THIS IS AN AUTOGENERATED FILE. DO NOT EDIT THIS FILE DIRECTLY.
# yarn lockfile v1


js-camelcase@^1.1.0:
  version "1.1.0"
  resolved "https://registry.yarnpkg.com/js-camelcase/-/js-camelcase-1.1.0.tgz#8a9d0fe49bb53f58125bfa6eb53eeafa8bbd5e16"

js-dotcase@^1.0.0:
  version "1.0.0"
  resolved "https://registry.yarnpkg.com/js-dotcase/-/js-dotcase-1.0.0.tgz#d8834ccd3f6c3e6ff92bdb7abe7ca19fcdd87982"

js-headercase@^1.0.0:
  version "1.0.0"
  resolved "https://registry.yarnpkg.com/js-headercase/-/js-headercase-1.0.0.tgz#7dcdbebafcb4f9d78d7ecfa1a5f149c1a923d361"

js-pascalcase@^1.0.0:
  version "1.0.0"
  resolved "https://registry.yarnpkg.com/js-pascalcase/-/js-pascalcase-1.0.0.tgz#929dbdc275b1ab3dd55c74dc7030ce41f7808090"

js-pathcase@^1.0.0:
  version "1.0.0"
  resolved "https://registry.yarnpkg.com/js-pathcase/-/js-pathcase-1.0.0.tgz#291256e8ebc2f2e017eb8c0bc91d0a85d71590f4"

js-sentencecase@^1.0.0:
  version "1.0.0"
  resolved "https://registry.yarnpkg.com/js-sentencecase/-/js-sentencecase-1.0.0.tgz#9d20fc45f84fff6b6dab219a6c3983d38cef2a8e"

js-snakecase@^1.1.0:
  version "1.1.0"
  resolved "https://registry.yarnpkg.com/js-snakecase/-/js-snakecase-1.1.0.tgz#008cf9ce6cff596cf5befbcac9f64e0f3ef0c798"

js-textcase@^1.0.0:
  version "1.0.0"
  resolved "https://registry.yarnpkg.com/js-textcase/-/js-textcase-1.0.0.tgz#a7d402bc3d48d684cb262c16896c103bb46ea1d7"
