# THIS IS AN AUTOGENERATED FILE. DO NOT EDIT THIS FILE DIRECTLY.
# yarn lockfile v1


js-camelcase@^1.1.0:
  version "1.1.0"
  resolved "https://registry.yarnpkg.com/js-camelcase/-/js-camelcase-1.1.0.tgz#8a9d0fe49bb53f58125bfa6eb53eeafa8bbd5e16"

js-snakecase@^1.1.0:
  version "1.1.0"
  resolved "https://registry.yarnpkg.com/js-snakecase/-/js-snakecase-1.1.0.tgz#008cf9ce6cff596cf5befbcac9f64e0f3ef0c798"
